
Microsoft Visual Studio Solution File, Format Version 12.00
# Visual Studio 15
VisualStudioVersion = 15.0.26730.16
MinimumVisualStudioVersion = 10.0.40219.1
Project("{9A19103F-16F7-4668-BE54-9A1E7A4F7556}") = "Piano", "Piano\Piano.csproj", "{E435C06D-762A-4BB8-9EF8-B75D02812737}"
EndProject
Project("{9A19103F-16F7-4668-BE54-9A1E7A4F7556}") = "UnitTests", "UnitTests\UnitTests.csproj", "{D71384D9-A24C-4F7A-BE25-AEA088C36E7B}"
EndProject
Project("{9A19103F-16F7-4668-BE54-9A1E7A4F7556}") = "VariantAnnotation.Interface", "..\VariantAnnotation.Interface\VariantAnnotation.Interface.csproj", "{3D09B50F-73B4-4021-B5F0-2100574BD54B}"
EndProject
Project("{9A19103F-16F7-4668-BE54-9A1E7A4F7556}") = "ErrorHandling", "..\ErrorHandling\ErrorHandling.csproj", "{2B6B916D-B9DD-4156-A486-F2835C1EE992}"
EndProject
Project("{9A19103F-16F7-4668-BE54-9A1E7A4F7556}") = "VariantAnnotation", "..\VariantAnnotation\VariantAnnotation.csproj", "{7030787E-D41A-4397-9472-40D79EEB3DD2}"
EndProject
Project("{9A19103F-16F7-4668-BE54-9A1E7A4F7556}") = "SAUtils", "..\SAUtils\SAUtils.csproj", "{DDAF33F9-5925-4689-B438-D339A49E52CD}"
EndProject
Project("{9A19103F-16F7-4668-BE54-9A1E7A4F7556}") = "CommandLine", "..\CommandLine\CommandLine.csproj", "{34A0FF3C-8E65-4378-B2FE-41E661C0B7B6}"
EndProject
Project("{9A19103F-16F7-4668-BE54-9A1E7A4F7556}") = "CommonUtilities", "..\CommonUtilities\CommonUtilities.csproj", "{44D54D5C-E5E8-4622-9701-6B26C9A831A1}"
EndProject
Project("{9A19103F-16F7-4668-BE54-9A1E7A4F7556}") = "Compression", "..\Compression\Compression.csproj", "{82F0CE32-D465-4E7B-91CA-A4B67763F433}"
EndProject
Project("{9A19103F-16F7-4668-BE54-9A1E7A4F7556}") = "Vcf", "..\Vcf\Vcf.csproj", "{BCB37D8F-9B8A-4846-B441-6975CF67BADF}"
EndProject
Global
	GlobalSection(SolutionConfigurationPlatforms) = preSolution
		Debug|Any CPU = Debug|Any CPU
		Release|Any CPU = Release|Any CPU
	EndGlobalSection
	GlobalSection(ProjectConfigurationPlatforms) = postSolution
		{E435C06D-762A-4BB8-9EF8-B75D02812737}.Debug|Any CPU.ActiveCfg = Debug|Any CPU
		{E435C06D-762A-4BB8-9EF8-B75D02812737}.Debug|Any CPU.Build.0 = Debug|Any CPU
		{E435C06D-762A-4BB8-9EF8-B75D02812737}.Release|Any CPU.ActiveCfg = Release|Any CPU
		{E435C06D-762A-4BB8-9EF8-B75D02812737}.Release|Any CPU.Build.0 = Release|Any CPU
		{D71384D9-A24C-4F7A-BE25-AEA088C36E7B}.Debug|Any CPU.ActiveCfg = Debug|Any CPU
		{D71384D9-A24C-4F7A-BE25-AEA088C36E7B}.Debug|Any CPU.Build.0 = Debug|Any CPU
		{D71384D9-A24C-4F7A-BE25-AEA088C36E7B}.Release|Any CPU.ActiveCfg = Release|Any CPU
		{D71384D9-A24C-4F7A-BE25-AEA088C36E7B}.Release|Any CPU.Build.0 = Release|Any CPU
		{3D09B50F-73B4-4021-B5F0-2100574BD54B}.Debug|Any CPU.ActiveCfg = Debug|Any CPU
		{3D09B50F-73B4-4021-B5F0-2100574BD54B}.Debug|Any CPU.Build.0 = Debug|Any CPU
		{3D09B50F-73B4-4021-B5F0-2100574BD54B}.Release|Any CPU.ActiveCfg = Release|Any CPU
		{3D09B50F-73B4-4021-B5F0-2100574BD54B}.Release|Any CPU.Build.0 = Release|Any CPU
		{2B6B916D-B9DD-4156-A486-F2835C1EE992}.Debug|Any CPU.ActiveCfg = Debug|Any CPU
		{2B6B916D-B9DD-4156-A486-F2835C1EE992}.Debug|Any CPU.Build.0 = Debug|Any CPU
		{2B6B916D-B9DD-4156-A486-F2835C1EE992}.Release|Any CPU.ActiveCfg = Release|Any CPU
		{2B6B916D-B9DD-4156-A486-F2835C1EE992}.Release|Any CPU.Build.0 = Release|Any CPU
		{7030787E-D41A-4397-9472-40D79EEB3DD2}.Debug|Any CPU.ActiveCfg = Debug|Any CPU
		{7030787E-D41A-4397-9472-40D79EEB3DD2}.Debug|Any CPU.Build.0 = Debug|Any CPU
		{7030787E-D41A-4397-9472-40D79EEB3DD2}.Release|Any CPU.ActiveCfg = Release|Any CPU
		{7030787E-D41A-4397-9472-40D79EEB3DD2}.Release|Any CPU.Build.0 = Release|Any CPU
		{DDAF33F9-5925-4689-B438-D339A49E52CD}.Debug|Any CPU.ActiveCfg = Debug|Any CPU
		{DDAF33F9-5925-4689-B438-D339A49E52CD}.Debug|Any CPU.Build.0 = Debug|Any CPU
		{DDAF33F9-5925-4689-B438-D339A49E52CD}.Release|Any CPU.ActiveCfg = Release|Any CPU
		{DDAF33F9-5925-4689-B438-D339A49E52CD}.Release|Any CPU.Build.0 = Release|Any CPU
		{34A0FF3C-8E65-4378-B2FE-41E661C0B7B6}.Debug|Any CPU.ActiveCfg = Debug|Any CPU
		{34A0FF3C-8E65-4378-B2FE-41E661C0B7B6}.Debug|Any CPU.Build.0 = Debug|Any CPU
		{34A0FF3C-8E65-4378-B2FE-41E661C0B7B6}.Release|Any CPU.ActiveCfg = Release|Any CPU
		{34A0FF3C-8E65-4378-B2FE-41E661C0B7B6}.Release|Any CPU.Build.0 = Release|Any CPU
		{44D54D5C-E5E8-4622-9701-6B26C9A831A1}.Debug|Any CPU.ActiveCfg = Debug|Any CPU
		{44D54D5C-E5E8-4622-9701-6B26C9A831A1}.Debug|Any CPU.Build.0 = Debug|Any CPU
		{44D54D5C-E5E8-4622-9701-6B26C9A831A1}.Release|Any CPU.ActiveCfg = Release|Any CPU
		{44D54D5C-E5E8-4622-9701-6B26C9A831A1}.Release|Any CPU.Build.0 = Release|Any CPU
		{82F0CE32-D465-4E7B-91CA-A4B67763F433}.Debug|Any CPU.ActiveCfg = Debug|Any CPU
		{82F0CE32-D465-4E7B-91CA-A4B67763F433}.Debug|Any CPU.Build.0 = Debug|Any CPU
		{82F0CE32-D465-4E7B-91CA-A4B67763F433}.Release|Any CPU.ActiveCfg = Release|Any CPU
		{82F0CE32-D465-4E7B-91CA-A4B67763F433}.Release|Any CPU.Build.0 = Release|Any CPU
		{BCB37D8F-9B8A-4846-B441-6975CF67BADF}.Debug|Any CPU.ActiveCfg = Debug|Any CPU
		{BCB37D8F-9B8A-4846-B441-6975CF67BADF}.Debug|Any CPU.Build.0 = Debug|Any CPU
		{BCB37D8F-9B8A-4846-B441-6975CF67BADF}.Release|Any CPU.ActiveCfg = Release|Any CPU
		{BCB37D8F-9B8A-4846-B441-6975CF67BADF}.Release|Any CPU.Build.0 = Release|Any CPU
	EndGlobalSection
	GlobalSection(SolutionProperties) = preSolution
		HideSolutionNode = FALSE
	EndGlobalSection
	GlobalSection(ExtensibilityGlobals) = postSolution
		SolutionGuid = {46D55784-DE62-489B-A761-1BF0A66DD2C1}
	EndGlobalSection
EndGlobal
