
Microsoft Visual Studio Solution File, Format Version 12.00
# Visual Studio Version 16
VisualStudioVersion = 16.0.29001.49
MinimumVisualStudioVersion = 10.0.40219.1
Project("{9A19103F-16F7-4668-BE54-9A1E7A4F7556}") = "VariantAnnotation.Interface", "VariantAnnotation.Interface\VariantAnnotation.Interface.csproj", "{248C8736-3A76-4F45-A131-A776BD3257C9}"
EndProject
Project("{9A19103F-16F7-4668-BE54-9A1E7A4F7556}") = "Nirvana", "Nirvana\Nirvana.csproj", "{84CD8FB5-1071-47D5-AF1A-E028134D3C70}"
EndProject
Project("{9A19103F-16F7-4668-BE54-9A1E7A4F7556}") = "Vcf", "Vcf\Vcf.csproj", "{0DF48817-8AED-449A-AA87-CB91040D8439}"
EndProject
Project("{9A19103F-16F7-4668-BE54-9A1E7A4F7556}") = "Compression", "Compression\Compression.csproj", "{8E2CD866-DFCF-4486-A289-32DEFA050E87}"
EndProject
Project("{9A19103F-16F7-4668-BE54-9A1E7A4F7556}") = "VariantAnnotation", "VariantAnnotation\VariantAnnotation.csproj", "{155E28ED-122E-49DD-A8F0-FE3F670073B8}"
EndProject
Project("{9A19103F-16F7-4668-BE54-9A1E7A4F7556}") = "ErrorHandling", "ErrorHandling\ErrorHandling.csproj", "{A65F4919-CDB8-49C5-ADA4-66055A3F4923}"
EndProject
Project("{9A19103F-16F7-4668-BE54-9A1E7A4F7556}") = "UnitTests", "UnitTests\UnitTests.csproj", "{0CB1644A-BEA1-4CF6-AD5F-E544512769C2}"
EndProject
Project("{9A19103F-16F7-4668-BE54-9A1E7A4F7556}") = "CommandLine", "CommandLine\CommandLine.csproj", "{147C336A-6A6E-43F4-BDDC-8C8B72199C5D}"
EndProject
Project("{9A19103F-16F7-4668-BE54-9A1E7A4F7556}") = "CacheUtils", "CacheUtils\CacheUtils.csproj", "{986CF15B-DFAE-4C39-98D0-75A15271B34A}"
EndProject
Project("{9A19103F-16F7-4668-BE54-9A1E7A4F7556}") = "SAUtils", "SAUtils\SAUtils.csproj", "{F1F05D39-1BE0-4CFD-AD60-F27FB31D925A}"
EndProject
Project("{9A19103F-16F7-4668-BE54-9A1E7A4F7556}") = "Jasix", "Jasix\Jasix.csproj", "{ECC7869C-1B21-42C1-B8BD-4190F15B3B6F}"
EndProject
Project("{9A19103F-16F7-4668-BE54-9A1E7A4F7556}") = "Phantom", "Phantom\Phantom.csproj", "{86DB686A-17A8-446B-A2C4-100CD6ADCB39}"
EndProject
Project("{9A19103F-16F7-4668-BE54-9A1E7A4F7556}") = "OptimizedCore", "OptimizedCore\OptimizedCore.csproj", "{76FEE3B3-FB8E-4421-A63F-CA659FB1ACA0}"
EndProject
Project("{9A19103F-16F7-4668-BE54-9A1E7A4F7556}") = "Intervals", "Intervals\Intervals.csproj", "{82CA75B3-37DF-40DA-AA1B-70888CF3ED05}"
EndProject
Project("{9A19103F-16F7-4668-BE54-9A1E7A4F7556}") = "Variants", "Variants\Variants.csproj", "{0A94104A-71E7-4925-B667-C29C18E3356D}"
EndProject
Project("{9A19103F-16F7-4668-BE54-9A1E7A4F7556}") = "Genome", "Genome\Genome.csproj", "{3B5C30A5-FBBC-4247-BE62-2B64960213FD}"
EndProject
Project("{9A19103F-16F7-4668-BE54-9A1E7A4F7556}") = "IO", "IO\IO.csproj", "{654069F3-3B86-4325-823F-BC78946A26FF}"
	ProjectSection(ProjectDependencies) = postProject
		{82CA75B3-37DF-40DA-AA1B-70888CF3ED05} = {82CA75B3-37DF-40DA-AA1B-70888CF3ED05}
	EndProjectSection
EndProject
Project("{9A19103F-16F7-4668-BE54-9A1E7A4F7556}") = "Tabix", "Tabix\Tabix.csproj", "{F337E3F6-72AA-44B4-B11F-D69EE14B6152}"
EndProject
Project("{9A19103F-16F7-4668-BE54-9A1E7A4F7556}") = "Cloud", "Cloud\Cloud.csproj", "{E93914C8-2599-46BE-BE18-6229E53F581B}"
EndProject
Project("{FAE04EC0-301F-11D3-BF4B-00C04F79EFBC}") = "Downloader", "Downloader\Downloader.csproj", "{5B81B762-8A86-466A-A947-AC2CA53EE40D}"
EndProject
Global
	GlobalSection(SolutionConfigurationPlatforms) = preSolution
		Debug|Any CPU = Debug|Any CPU
		Release|Any CPU = Release|Any CPU
	EndGlobalSection
	GlobalSection(ProjectConfigurationPlatforms) = postSolution
		{248C8736-3A76-4F45-A131-A776BD3257C9}.Debug|Any CPU.ActiveCfg = Debug|Any CPU
		{248C8736-3A76-4F45-A131-A776BD3257C9}.Debug|Any CPU.Build.0 = Debug|Any CPU
		{248C8736-3A76-4F45-A131-A776BD3257C9}.Release|Any CPU.ActiveCfg = Release|Any CPU
		{248C8736-3A76-4F45-A131-A776BD3257C9}.Release|Any CPU.Build.0 = Release|Any CPU
		{84CD8FB5-1071-47D5-AF1A-E028134D3C70}.Debug|Any CPU.ActiveCfg = Debug|Any CPU
		{84CD8FB5-1071-47D5-AF1A-E028134D3C70}.Debug|Any CPU.Build.0 = Debug|Any CPU
		{84CD8FB5-1071-47D5-AF1A-E028134D3C70}.Release|Any CPU.ActiveCfg = Release|Any CPU
		{84CD8FB5-1071-47D5-AF1A-E028134D3C70}.Release|Any CPU.Build.0 = Release|Any CPU
		{0DF48817-8AED-449A-AA87-CB91040D8439}.Debug|Any CPU.ActiveCfg = Debug|Any CPU
		{0DF48817-8AED-449A-AA87-CB91040D8439}.Debug|Any CPU.Build.0 = Debug|Any CPU
		{0DF48817-8AED-449A-AA87-CB91040D8439}.Release|Any CPU.ActiveCfg = Release|Any CPU
		{0DF48817-8AED-449A-AA87-CB91040D8439}.Release|Any CPU.Build.0 = Release|Any CPU
		{8E2CD866-DFCF-4486-A289-32DEFA050E87}.Debug|Any CPU.ActiveCfg = Debug|Any CPU
		{8E2CD866-DFCF-4486-A289-32DEFA050E87}.Debug|Any CPU.Build.0 = Debug|Any CPU
		{8E2CD866-DFCF-4486-A289-32DEFA050E87}.Release|Any CPU.ActiveCfg = Release|Any CPU
		{8E2CD866-DFCF-4486-A289-32DEFA050E87}.Release|Any CPU.Build.0 = Release|Any CPU
		{155E28ED-122E-49DD-A8F0-FE3F670073B8}.Debug|Any CPU.ActiveCfg = Debug|Any CPU
		{155E28ED-122E-49DD-A8F0-FE3F670073B8}.Debug|Any CPU.Build.0 = Debug|Any CPU
		{155E28ED-122E-49DD-A8F0-FE3F670073B8}.Release|Any CPU.ActiveCfg = Release|Any CPU
		{155E28ED-122E-49DD-A8F0-FE3F670073B8}.Release|Any CPU.Build.0 = Release|Any CPU
		{A65F4919-CDB8-49C5-ADA4-66055A3F4923}.Debug|Any CPU.ActiveCfg = Debug|Any CPU
		{A65F4919-CDB8-49C5-ADA4-66055A3F4923}.Debug|Any CPU.Build.0 = Debug|Any CPU
		{A65F4919-CDB8-49C5-ADA4-66055A3F4923}.Release|Any CPU.ActiveCfg = Release|Any CPU
		{A65F4919-CDB8-49C5-ADA4-66055A3F4923}.Release|Any CPU.Build.0 = Release|Any CPU
		{0CB1644A-BEA1-4CF6-AD5F-E544512769C2}.Debug|Any CPU.ActiveCfg = Debug|Any CPU
		{0CB1644A-BEA1-4CF6-AD5F-E544512769C2}.Debug|Any CPU.Build.0 = Debug|Any CPU
		{0CB1644A-BEA1-4CF6-AD5F-E544512769C2}.Release|Any CPU.ActiveCfg = Release|Any CPU
		{0CB1644A-BEA1-4CF6-AD5F-E544512769C2}.Release|Any CPU.Build.0 = Release|Any CPU
		{147C336A-6A6E-43F4-BDDC-8C8B72199C5D}.Debug|Any CPU.ActiveCfg = Debug|Any CPU
		{147C336A-6A6E-43F4-BDDC-8C8B72199C5D}.Debug|Any CPU.Build.0 = Debug|Any CPU
		{147C336A-6A6E-43F4-BDDC-8C8B72199C5D}.Release|Any CPU.ActiveCfg = Release|Any CPU
		{147C336A-6A6E-43F4-BDDC-8C8B72199C5D}.Release|Any CPU.Build.0 = Release|Any CPU
		{986CF15B-DFAE-4C39-98D0-75A15271B34A}.Debug|Any CPU.ActiveCfg = Debug|Any CPU
		{986CF15B-DFAE-4C39-98D0-75A15271B34A}.Debug|Any CPU.Build.0 = Debug|Any CPU
		{986CF15B-DFAE-4C39-98D0-75A15271B34A}.Release|Any CPU.ActiveCfg = Release|Any CPU
		{986CF15B-DFAE-4C39-98D0-75A15271B34A}.Release|Any CPU.Build.0 = Release|Any CPU
		{F1F05D39-1BE0-4CFD-AD60-F27FB31D925A}.Debug|Any CPU.ActiveCfg = Debug|Any CPU
		{F1F05D39-1BE0-4CFD-AD60-F27FB31D925A}.Debug|Any CPU.Build.0 = Debug|Any CPU
		{F1F05D39-1BE0-4CFD-AD60-F27FB31D925A}.Release|Any CPU.ActiveCfg = Release|Any CPU
		{F1F05D39-1BE0-4CFD-AD60-F27FB31D925A}.Release|Any CPU.Build.0 = Release|Any CPU
		{ECC7869C-1B21-42C1-B8BD-4190F15B3B6F}.Debug|Any CPU.ActiveCfg = Debug|Any CPU
		{ECC7869C-1B21-42C1-B8BD-4190F15B3B6F}.Debug|Any CPU.Build.0 = Debug|Any CPU
		{ECC7869C-1B21-42C1-B8BD-4190F15B3B6F}.Release|Any CPU.ActiveCfg = Release|Any CPU
		{ECC7869C-1B21-42C1-B8BD-4190F15B3B6F}.Release|Any CPU.Build.0 = Release|Any CPU
		{86DB686A-17A8-446B-A2C4-100CD6ADCB39}.Debug|Any CPU.ActiveCfg = Debug|Any CPU
		{86DB686A-17A8-446B-A2C4-100CD6ADCB39}.Debug|Any CPU.Build.0 = Debug|Any CPU
		{86DB686A-17A8-446B-A2C4-100CD6ADCB39}.Release|Any CPU.ActiveCfg = Release|Any CPU
		{86DB686A-17A8-446B-A2C4-100CD6ADCB39}.Release|Any CPU.Build.0 = Release|Any CPU
		{76FEE3B3-FB8E-4421-A63F-CA659FB1ACA0}.Debug|Any CPU.ActiveCfg = Debug|Any CPU
		{76FEE3B3-FB8E-4421-A63F-CA659FB1ACA0}.Debug|Any CPU.Build.0 = Debug|Any CPU
		{76FEE3B3-FB8E-4421-A63F-CA659FB1ACA0}.Release|Any CPU.ActiveCfg = Release|Any CPU
		{76FEE3B3-FB8E-4421-A63F-CA659FB1ACA0}.Release|Any CPU.Build.0 = Release|Any CPU
		{82CA75B3-37DF-40DA-AA1B-70888CF3ED05}.Debug|Any CPU.ActiveCfg = Debug|Any CPU
		{82CA75B3-37DF-40DA-AA1B-70888CF3ED05}.Debug|Any CPU.Build.0 = Debug|Any CPU
		{82CA75B3-37DF-40DA-AA1B-70888CF3ED05}.Release|Any CPU.ActiveCfg = Release|Any CPU
		{82CA75B3-37DF-40DA-AA1B-70888CF3ED05}.Release|Any CPU.Build.0 = Release|Any CPU
		{0A94104A-71E7-4925-B667-C29C18E3356D}.Debug|Any CPU.ActiveCfg = Debug|Any CPU
		{0A94104A-71E7-4925-B667-C29C18E3356D}.Debug|Any CPU.Build.0 = Debug|Any CPU
		{0A94104A-71E7-4925-B667-C29C18E3356D}.Release|Any CPU.ActiveCfg = Release|Any CPU
		{0A94104A-71E7-4925-B667-C29C18E3356D}.Release|Any CPU.Build.0 = Release|Any CPU
		{3B5C30A5-FBBC-4247-BE62-2B64960213FD}.Debug|Any CPU.ActiveCfg = Debug|Any CPU
		{3B5C30A5-FBBC-4247-BE62-2B64960213FD}.Debug|Any CPU.Build.0 = Debug|Any CPU
		{3B5C30A5-FBBC-4247-BE62-2B64960213FD}.Release|Any CPU.ActiveCfg = Release|Any CPU
		{3B5C30A5-FBBC-4247-BE62-2B64960213FD}.Release|Any CPU.Build.0 = Release|Any CPU
		{654069F3-3B86-4325-823F-BC78946A26FF}.Debug|Any CPU.ActiveCfg = Debug|Any CPU
		{654069F3-3B86-4325-823F-BC78946A26FF}.Debug|Any CPU.Build.0 = Debug|Any CPU
		{654069F3-3B86-4325-823F-BC78946A26FF}.Release|Any CPU.ActiveCfg = Release|Any CPU
		{654069F3-3B86-4325-823F-BC78946A26FF}.Release|Any CPU.Build.0 = Release|Any CPU
		{F337E3F6-72AA-44B4-B11F-D69EE14B6152}.Debug|Any CPU.ActiveCfg = Debug|Any CPU
		{F337E3F6-72AA-44B4-B11F-D69EE14B6152}.Debug|Any CPU.Build.0 = Debug|Any CPU
		{F337E3F6-72AA-44B4-B11F-D69EE14B6152}.Release|Any CPU.ActiveCfg = Release|Any CPU
		{F337E3F6-72AA-44B4-B11F-D69EE14B6152}.Release|Any CPU.Build.0 = Release|Any CPU
		{E93914C8-2599-46BE-BE18-6229E53F581B}.Debug|Any CPU.ActiveCfg = Debug|Any CPU
		{E93914C8-2599-46BE-BE18-6229E53F581B}.Debug|Any CPU.Build.0 = Debug|Any CPU
		{E93914C8-2599-46BE-BE18-6229E53F581B}.Release|Any CPU.ActiveCfg = Release|Any CPU
		{E93914C8-2599-46BE-BE18-6229E53F581B}.Release|Any CPU.Build.0 = Release|Any CPU
		{5B81B762-8A86-466A-A947-AC2CA53EE40D}.Debug|Any CPU.ActiveCfg = Debug|Any CPU
		{5B81B762-8A86-466A-A947-AC2CA53EE40D}.Debug|Any CPU.Build.0 = Debug|Any CPU
		{5B81B762-8A86-466A-A947-AC2CA53EE40D}.Release|Any CPU.ActiveCfg = Release|Any CPU
		{5B81B762-8A86-466A-A947-AC2CA53EE40D}.Release|Any CPU.Build.0 = Release|Any CPU
	EndGlobalSection
	GlobalSection(SolutionProperties) = preSolution
		HideSolutionNode = FALSE
	EndGlobalSection
	GlobalSection(ExtensibilityGlobals) = postSolution
		SolutionGuid = {BA40BDB6-7E39-4F75-AC8A-EB65F7FC8209}
	EndGlobalSection
EndGlobal
