<?xml version="1.0" encoding="utf-8"?>
<Project ToolsVersion="4.0" xmlns="http://schemas.microsoft.com/developer/msbuild/2003">
  <ItemGroup>
    <Filter Include="Source Files">
      <UniqueIdentifier>{4FC737F1-C7A5-4376-A066-2A32D752A2FF}</UniqueIdentifier>
      <Extensions>cpp;c;cc;cxx;def;odl;idl;hpj;bat;asm;asmx</Extensions>
    </Filter>
    <Filter Include="Header Files">
      <UniqueIdentifier>{93995380-89BD-4b04-88EB-625FBE52EBFB}</UniqueIdentifier>
      <Extensions>h;hh;hpp;hxx;hm;inl;inc;xsd</Extensions>
    </Filter>
    <Filter Include="Resource Files">
      <UniqueIdentifier>{67DA6AB6-F800-4c08-8B7A-83BB121AAD01}</UniqueIdentifier>
      <Extensions>rc;ico;cur;bmp;dlg;rc2;rct;bin;rgs;gif;jpg;jpeg;jpe;resx;tiff;tif;png;wav;mfcribbon-ms</Extensions>
    </Filter>
  </ItemGroup>
  <ItemGroup>
    <ClCompile Include="htslib\bgzf.c">
      <Filter>Source Files</Filter>
    </ClCompile>
    <ClCompile Include="htslib\hfile.c">
      <Filter>Source Files</Filter>
    </ClCompile>
    <ClCompile Include="zlib-ng\adler32.c">
      <Filter>Source Files</Filter>
    </ClCompile>
    <ClCompile Include="zlib-ng\crc32.c">
      <Filter>Source Files</Filter>
    </ClCompile>
    <ClCompile Include="zlib-ng\deflate.c">
      <Filter>Source Files</Filter>
    </ClCompile>
    <ClCompile Include="zlib-ng\deflate_fast.c">
      <Filter>Source Files</Filter>
    </ClCompile>
    <ClCompile Include="zlib-ng\deflate_medium.c">
      <Filter>Source Files</Filter>
    </ClCompile>
    <ClCompile Include="zlib-ng\deflate_slow.c">
      <Filter>Source Files</Filter>
    </ClCompile>
    <ClCompile Include="zlib-ng\match.c">
      <Filter>Source Files</Filter>
    </ClCompile>
    <ClCompile Include="zlib-ng\inffast.c">
      <Filter>Source Files</Filter>
    </ClCompile>
    <ClCompile Include="zlib-ng\inflate.c">
      <Filter>Source Files</Filter>
    </ClCompile>
    <ClCompile Include="zlib-ng\inftrees.c">
      <Filter>Source Files</Filter>
    </ClCompile>
    <ClCompile Include="zlib-ng\trees.c">
      <Filter>Source Files</Filter>
    </ClCompile>
    <ClCompile Include="zlib-ng\zutil.c">
      <Filter>Source Files</Filter>
    </ClCompile>
    <ClCompile Include="zlib-ng\arch\x86\x86.c">
      <Filter>Source Files</Filter>
    </ClCompile>
    <ClCompile Include="zlib-ng\arch\x86\fill_window_sse.c">
      <Filter>Source Files</Filter>
    </ClCompile>
    <ClCompile Include="zlib-ng\arch\x86\insert_string_sse.c">
      <Filter>Source Files</Filter>
    </ClCompile>
    <ClCompile Include="zlib-ng\arch\x86\crc_folding.c">
      <Filter>Source Files</Filter>
    </ClCompile>
    <ClCompile Include="zlib-ng\arch\x86\deflate_quick.c">
      <Filter>Source Files</Filter>
    </ClCompile>
    <ClCompile Include="illumina\BlockGZipUtils.c">
      <Filter>Source Files</Filter>
    </ClCompile>
    <ClCompile Include="quicklz-1.5.0\quicklz.c">
      <Filter>Source Files</Filter>
    </ClCompile>
    <ClCompile Include="pthreads-w32-2-9-1-release\pthread.c">
      <Filter>Source Files</Filter>
    </ClCompile>
  </ItemGroup>
  <ItemGroup>
    <ClInclude Include="htslib\htslib\bgzf.h">
      <Filter>Header Files</Filter>
    </ClInclude>
    <ClInclude Include="htslib\htslib\hfile.h">
      <Filter>Header Files</Filter>
    </ClInclude>
    <ClInclude Include="zlib-ng\crc32.h">
      <Filter>Header Files</Filter>
    </ClInclude>
    <ClInclude Include="zlib-ng\deflate.h">
      <Filter>Header Files</Filter>
    </ClInclude>
    <ClInclude Include="zlib-ng\gzguts.h">
      <Filter>Header Files</Filter>
    </ClInclude>
    <ClInclude Include="zlib-ng\inffast.h">
      <Filter>Header Files</Filter>
    </ClInclude>
    <ClInclude Include="zlib-ng\inffixed.h">
      <Filter>Header Files</Filter>
    </ClInclude>
    <ClInclude Include="zlib-ng\inflate.h">
      <Filter>Header Files</Filter>
    </ClInclude>
    <ClInclude Include="zlib-ng\inftrees.h">
      <Filter>Header Files</Filter>
    </ClInclude>
    <ClInclude Include="zlib-ng\trees.h">
      <Filter>Header Files</Filter>
    </ClInclude>
    <ClInclude Include="zlib-ng\zconf.h">
      <Filter>Header Files</Filter>
    </ClInclude>
    <ClInclude Include="zlib-ng\zlib.h">
      <Filter>Header Files</Filter>
    </ClInclude>
    <ClInclude Include="zlib-ng\zutil.h">
      <Filter>Header Files</Filter>
    </ClInclude>
    <ClInclude Include="illumina\BlockGZipUtils.h">
      <Filter>Header Files</Filter>
    </ClInclude>
    <ClInclude Include="illumina\cross_platform.h">
      <Filter>Header Files</Filter>
    </ClInclude>
    <ClInclude Include="quicklz-1.5.0\quicklz.h">
      <Filter>Header Files</Filter>
    </ClInclude>
  </ItemGroup>
  <ItemGroup>
    <None Include="BlockCompression.def">
      <Filter>Source Files</Filter>
    </None>
  </ItemGroup>
</Project>